// !$*UTF8*$!
{
	archiveVersion = 1;
	classes = {
	};
	objectVersion = 77;
	objects = {

/* Begin PBXContainerItemProxy section */
		F90E94BB2F10418A00FEE4A2 /* PBXContainerItemProxy */ = {
			isa = PBXContainerItemProxy;
			containerPortal = F90E94A12F10418A00FEE4A2 /* Project object */;
			proxyType = 1;
			remoteGlobalIDString = F90E94A82F10418A00FEE4A2;
			remoteInfo = "overlook me";
		};
		F90E94C52F10418A00FEE4A2 /* PBXContainerItemProxy */ = {
			isa = PBXContainerItemProxy;
			containerPortal = F90E94A12F10418A00FEE4A2 /* Project object */;
			proxyType = 1;
			remoteGlobalIDString = F90E94A82F10418A00FEE4A2;
			remoteInfo = "overlook me";
		};
/* End PBXContainerItemProxy section */

/* Begin PBXFileReference section */
		F90E94A92F10418A00FEE4A2 /* overlook me.app */ = {isa = PBXFileReference; explicitFileType = wrapper.application; includeInIndex = 0; path = "overlook me.app"; sourceTree = BUILT_PRODUCTS_DIR; };
		F90E94BA2F10418A00FEE4A2 /* overlook meTests.xctest */ = {isa = PBXFileReference; explicitFileType = wrapper.cfbundle; includeInIndex = 0; path = "overlook meTests.xctest"; sourceTree = BUILT_PRODUCTS_DIR; };
		F90E94C42F10418A00FEE4A2 /* overlook meUITests.xctest */ = {isa = PBXFileReference; explicitFileType = wrapper.cfbundle; includeInIndex = 0; path = "overlook meUITests.xctest"; sourceTree = BUILT_PRODUCTS_DIR; };
/* End PBXFileReference section */

/* Begin PBXFileSystemSynchronizedBuildFileExceptionSet section */
		F90E94CC2F10418A00FEE4A2 /* Exceptions for "overlook me" folder in "overlook me" target */ = {
			isa = PBXFileSystemSynchronizedBuildFileExceptionSet;
			membershipExceptions = (
				Info.plist,
			);
			target = F90E94A82F10418A00FEE4A2 /* overlook me */;
		};
/* End PBXFileSystemSynchronizedBuildFileExceptionSet section */

/* Begin PBXFileSystemSynchronizedRootGroup section */
		F90E94AB2F10418A00FEE4A2 /* overlook me */ = {
			isa = PBXFileSystemSynchronizedRootGroup;
			exceptions = (
				F90E94CC2F10418A00FEE4A2 /* Exceptions for "overlook me" folder in "overlook me" target */,
			);
			path = "overlook me";
			sourceTree = "<group>";
		};
		F90E94BD2F10418A00FEE4A2 /* overlook meTests */ = {
			isa = PBXFileSystemSynchronizedRootGroup;
			path = "overlook meTests";
			sourceTree = "<group>";
		};
		F90E94C72F10418A00FEE4A2 /* overlook meUITests */ = {
			isa = PBXFileSystemSynchronizedRootGroup;
			path = "overlook meUITests";
			sourceTree = "<group>";
		};
/* End PBXFileSystemSynchronizedRootGroup section */

/* Begin PBXFrameworksBuildPhase section */
		F90E94A62F10418A00FEE4A2 /* Frameworks */ = {
			isa = PBXFrameworksBuildPhase;
			buildActionMask = 2147483647;
			files = (
			);
			runOnlyForDeploymentPostprocessing = 0;
		};
		F90E94B72F10418A00FEE4A2 /* Frameworks */ = {
			isa = PBXFrameworksBuildPhase;
			buildActionMask = 2147483647;
			files = (
			);
			runOnlyForDeploymentPostprocessing = 0;
		};
		F90E94C12F10418A00FEE4A2 /* Frameworks */ = {
			isa = PBXFrameworksBuildPhase;
			buildActionMask = 2147483647;
			files = (
			);
			runOnlyForDeploymentPostprocessing = 0;
		};
/* End PBXFrameworksBuildPhase section */

/* Begin PBXGroup section */
		F90E94A02F10418A00FEE4A2 = {
			isa = PBXGroup;
			children = (
				F90E94AB2F10418A00FEE4A2 /* overlook me */,
				F90E94BD2F10418A00FEE4A2 /* overlook meTests */,
				F90E94C72F10418A00FEE4A2 /* overlook meUITests */,
				F90E94AA2F10418A00FEE4A2 /* Products */,
			);
			sourceTree = "<group>";
		};
		F90E94AA2F10418A00FEE4A2 /* Products */ = {
			isa = PBXGroup;
			children = (
				F90E94A92F10418A00FEE4A2 /* overlook me.app */,
				F90E94BA2F10418A00FEE4A2 /* overlook meTests.xctest */,
				F90E94C42F10418A00FEE4A2 /* overlook meUITests.xctest */,
			);
			name = Products;
			sourceTree = "<group>";
		};
/* End PBXGroup section */

/* Begin PBXNativeTarget section */
		F90E94A82F10418A00FEE4A2 /* overlook me */ = {
			isa = PBXNativeTarget;
			buildConfigurationList = F90E94CD2F10418A00FEE4A2 /* Build configuration list for PBXNativeTarget "overlook me" */;
			buildPhases = (
				F90E94A52F10418A00FEE4A2 /* Sources */,
				F90E94A62F10418A00FEE4A2 /* Frameworks */,
				F90E94A72F10418A00FEE4A2 /* Resources */,
			);
			buildRules = (
			);
			dependencies = (
			);
			fileSystemSynchronizedGroups = (
				F90E94AB2F10418A00FEE4A2 /* overlook me */,
			);
			name = "overlook me";
			packageProductDependencies = (
			);
			productName = "overlook me";
			productReference = F90E94A92F10418A00FEE4A2 /* overlook me.app */;
			productType = "com.apple.product-type.application";
		};
		F90E94B92F10418A00FEE4A2 /* overlook meTests */ = {
			isa = PBXNativeTarget;
			buildConfigurationList = F90E94D22F10418A00FEE4A2 /* Build configuration list for PBXNativeTarget "overlook meTests" */;
			buildPhases = (
				F90E94B62F10418A00FEE4A2 /* Sources */,
				F90E94B72F10418A00FEE4A2 /* Frameworks */,
				F90E94B82F10418A00FEE4A2 /* Resources */,
			);
			buildRules = (
			);
			dependencies = (
				F90E94BC2F10418A00FEE4A2 /* PBXTargetDependency */,
			);
			fileSystemSynchronizedGroups = (
				F90E94BD2F10418A00FEE4A2 /* overlook meTests */,
			);
			name = "overlook meTests";
			packageProductDependencies = (
			);
			productName = "overlook meTests";
			productReference = F90E94BA2F10418A00FEE4A2 /* overlook meTests.xctest */;
			productType = "com.apple.product-type.bundle.unit-test";
		};
		F90E94C32F10418A00FEE4A2 /* overlook meUITests */ = {
			isa = PBXNativeTarget;
			buildConfigurationList = F90E94D52F10418A00FEE4A2 /* Build configuration list for PBXNativeTarget "overlook meUITests" */;
			buildPhases = (
				F90E94C02F10418A00FEE4A2 /* Sources */,
				F90E94C12F10418A00FEE4A2 /* Frameworks */,
				F90E94C22F10418A00FEE4A2 /* Resources */,
			);
			buildRules = (
			);
			dependencies = (
				F90E94C62F10418A00FEE4A2 /* PBXTargetDependency */,
			);
			fileSystemSynchronizedGroups = (
				F90E94C72F10418A00FEE4A2 /* overlook meUITests */,
			);
			name = "overlook meUITests";
			packageProductDependencies = (
			);
			productName = "overlook meUITests";
			productReference = F90E94C42F10418A00FEE4A2 /* overlook meUITests.xctest */;
			productType = "com.apple.product-type.bundle.ui-testing";
		};
/* End PBXNativeTarget section */

/* Begin PBXProject section */
		F90E94A12F10418A00FEE4A2 /* Project object */ = {
			isa = PBXProject;
			attributes = {
				BuildIndependentTargetsInParallel = 1;
				LastSwiftUpdateCheck = 2620;
				LastUpgradeCheck = 2620;
				TargetAttributes = {
					F90E94A82F10418A00FEE4A2 = {
						CreatedOnToolsVersion = 26.2;
					};
					F90E94B92F10418A00FEE4A2 = {
						CreatedOnToolsVersion = 26.2;
						TestTargetID = F90E94A82F10418A00FEE4A2;
					};
					F90E94C32F10418A00FEE4A2 = {
						CreatedOnToolsVersion = 26.2;
						TestTargetID = F90E94A82F10418A00FEE4A2;
					};
				};
			};
			buildConfigurationList = F90E94A42F10418A00FEE4A2 /* Build configuration list for PBXProject "overlook me" */;
			developmentRegion = en;
			hasScannedForEncodings = 0;
			knownRegions = (
				en,
				Base,
			);
			mainGroup = F90E94A02F10418A00FEE4A2;
			minimizedProjectReferenceProxies = 1;
			preferredProjectObjectVersion = 77;
			productRefGroup = F90E94AA2F10418A00FEE4A2 /* Products */;
			projectDirPath = "";
			projectRoot = "";
			targets = (
				F90E94A82F10418A00FEE4A2 /* overlook me */,
				F90E94B92F10418A00FEE4A2 /* overlook meTests */,
				F90E94C32F10418A00FEE4A2 /* overlook meUITests */,
			);
		};
/* End PBXProject section */

/* Begin PBXResourcesBuildPhase section */
		F90E94A72F10418A00FEE4A2 /* Resources */ = {
			isa = PBXResourcesBuildPhase;
			buildActionMask = 2147483647;
			files = (
			);
			runOnlyForDeploymentPostprocessing = 0;
		};
		F90E94B82F10418A00FEE4A2 /* Resources */ = {
			isa = PBXResourcesBuildPhase;
			buildActionMask = 2147483647;
			files = (
			);
			runOnlyForDeploymentPostprocessing = 0;
		};
		F90E94C22F10418A00FEE4A2 /* Resources */ = {
			isa = PBXResourcesBuildPhase;
			buildActionMask = 2147483647;
			files = (
			);
			runOnlyForDeploymentPostprocessing = 0;
		};
/* End PBXResourcesBuildPhase section */

/* Begin PBXSourcesBuildPhase section */
		F90E94A52F10418A00FEE4A2 /* Sources */ = {
			isa = PBXSourcesBuildPhase;
			buildActionMask = 2147483647;
			files = (
			);
			runOnlyForDeploymentPostprocessing = 0;
		};
		F90E94B62F10418A00FEE4A2 /* Sources */ = {
			isa = PBXSourcesBuildPhase;
			buildActionMask = 2147483647;
			files = (
			);
			runOnlyForDeploymentPostprocessing = 0;
		};
		F90E94C02F10418A00FEE4A2 /* Sources */ = {
			isa = PBXSourcesBuildPhase;
			buildActionMask = 2147483647;
			files = (
			);
			runOnlyForDeploymentPostprocessing = 0;
		};
/* End PBXSourcesBuildPhase section */

/* Begin PBXTargetDependency section */
		F90E94BC2F10418A00FEE4A2 /* PBXTargetDependency */ = {
			isa = PBXTargetDependency;
			target = F90E94A82F10418A00FEE4A2 /* overlook me */;
			targetProxy = F90E94BB2F10418A00FEE4A2 /* PBXContainerItemProxy */;
		};
		F90E94C62F10418A00FEE4A2 /* PBXTargetDependency */ = {
			isa = PBXTargetDependency;
			target = F90E94A82F10418A00FEE4A2 /* overlook me */;
			targetProxy = F90E94C52F10418A00FEE4A2 /* PBXContainerItemProxy */;
		};
/* End PBXTargetDependency section */

/* Begin XCBuildConfiguration section */
		F90E94CE2F10418A00FEE4A2 /* Debug */ = {
			isa = XCBuildConfiguration;
			buildSettings = {
				ASSETCATALOG_COMPILER_APPICON_NAME = AppIcon;
				ASSETCATALOG_COMPILER_GLOBAL_ACCENT_COLOR_NAME = AccentColor;
				CODE_SIGN_ENTITLEMENTS = "overlook me/overlook_me.entitlements";
				CODE_SIGN_IDENTITY = "Apple Development";
				CODE_SIGN_STYLE = Automatic;
				CURRENT_PROJECT_VERSION = 1;
				DEVELOPMENT_TEAM = U3WF4T9U3H;
				ENABLE_PREVIEWS = YES;
				GENERATE_INFOPLIST_FILE = YES;
				INFOPLIST_FILE = "overlook me/Info.plist";
				INFOPLIST_KEY_NSHealthShareUsageDescription = "Overlook Me uses Health data to personalize habit insights and progress.";
				INFOPLIST_KEY_NSHealthUpdateUsageDescription = "Overlook Me writes selected Health metrics to keep your daily habit tracking in sync.";
				INFOPLIST_KEY_NSLocationWhenInUseUsageDescription = "Location access lets us show your current weather in the daily overview.";
				INFOPLIST_KEY_UIApplicationSceneManifest_Generation = YES;
				INFOPLIST_KEY_UIApplicationSupportsIndirectInputEvents = YES;
				INFOPLIST_KEY_UILaunchScreen_Generation = YES;
				INFOPLIST_KEY_UISupportedInterfaceOrientations = UIInterfaceOrientationPortrait;
				INFOPLIST_KEY_UISupportedInterfaceOrientations_iPad = "UIInterfaceOrientationLandscapeLeft UIInterfaceOrientationLandscapeRight UIInterfaceOrientationPortrait UIInterfaceOrientationPortraitUpsideDown";
				IPHONEOS_DEPLOYMENT_TARGET = 26.0;
				LD_RUNPATH_SEARCH_PATHS = (
					"$(inherited)",
					"@executable_path/Frameworks",
				);
				MARKETING_VERSION = 1.0;
				PRODUCT_BUNDLE_IDENTIFIER = "Uniflo.overlook-me";
				PRODUCT_NAME = "$(TARGET_NAME)";
				PROVISIONING_PROFILE_SPECIFIER = "";
				STRING_CATALOG_GENERATE_SYMBOLS = YES;
				SWIFT_APPROACHABLE_CONCURRENCY = YES;
				SWIFT_DEFAULT_ACTOR_ISOLATION = MainActor;
				SWIFT_EMIT_LOC_STRINGS = YES;
				SWIFT_UPCOMING_FEATURE_MEMBER_IMPORT_VISIBILITY = YES;
				SWIFT_VERSION = 5.0;
				TARGETED_DEVICE_FAMILY = "1,2";
			};
			name = Debug;
		};
		F90E94CF2F10418A00FEE4A2 /* Release */ = {
			isa = XCBuildConfiguration;
			buildSettings = {
				ASSETCATALOG_COMPILER_APPICON_NAME = AppIcon;
				ASSETCATALOG_COMPILER_GLOBAL_ACCENT_COLOR_NAME = AccentColor;
				CODE_SIGN_ENTITLEMENTS = "overlook me/overlook_me.entitlements";
				CODE_SIGN_IDENTITY = "Apple Development";
				CODE_SIGN_STYLE = Automatic;
				CURRENT_PROJECT_VERSION = 1;
				DEVELOPMENT_TEAM = U3WF4T9U3H;
				ENABLE_PREVIEWS = YES;
				GENERATE_INFOPLIST_FILE = YES;
				INFOPLIST_FILE = "overlook me/Info.plist";
				INFOPLIST_KEY_NSHealthShareUsageDescription = "Overlook Me uses Health data to personalize habit insights and progress.";
				INFOPLIST_KEY_NSHealthUpdateUsageDescription = "Overlook Me writes selected Health metrics to keep your daily habit tracking in sync.";
				INFOPLIST_KEY_NSLocationWhenInUseUsageDescription = "Location access lets us show your current weather in the daily overview.";
				INFOPLIST_KEY_UIApplicationSceneManifest_Generation = YES;
				INFOPLIST_KEY_UIApplicationSupportsIndirectInputEvents = YES;
				INFOPLIST_KEY_UILaunchScreen_Generation = YES;
				INFOPLIST_KEY_UISupportedInterfaceOrientations = UIInterfaceOrientationPortrait;
				INFOPLIST_KEY_UISupportedInterfaceOrientations_iPad = "UIInterfaceOrientationLandscapeLeft UIInterfaceOrientationLandscapeRight UIInterfaceOrientationPortrait UIInterfaceOrientationPortraitUpsideDown";
				IPHONEOS_DEPLOYMENT_TARGET = 26.0;
				LD_RUNPATH_SEARCH_PATHS = (
					"$(inherited)",
					"@executable_path/Frameworks",
				);
				MARKETING_VERSION = 1.0;
				PRODUCT_BUNDLE_IDENTIFIER = "Uniflo.overlook-me";
				PRODUCT_NAME = "$(TARGET_NAME)";
				PROVISIONING_PROFILE_SPECIFIER = "";
				STRING_CATALOG_GENERATE_SYMBOLS = YES;
				SWIFT_APPROACHABLE_CONCURRENCY = YES;
				SWIFT_DEFAULT_ACTOR_ISOLATION = MainActor;
				SWIFT_EMIT_LOC_STRINGS = YES;
				SWIFT_UPCOMING_FEATURE_MEMBER_IMPORT_VISIBILITY = YES;
				SWIFT_VERSION = 5.0;
				TARGETED_DEVICE_FAMILY = "1,2";
			};
			name = Release;
		};
		F90E94D02F10418A00FEE4A2 /* Debug */ = {
			isa = XCBuildConfiguration;
			buildSettings = {
				ALWAYS_SEARCH_USER_PATHS = NO;
				ASSETCATALOG_COMPILER_GENERATE_SWIFT_ASSET_SYMBOL_EXTENSIONS = YES;
				CLANG_ANALYZER_NONNULL = YES;
				CLANG_ANALYZER_NUMBER_OBJECT_CONVERSION = YES_AGGRESSIVE;
				CLANG_CXX_LANGUAGE_STANDARD = "gnu++20";
				CLANG_ENABLE_MODULES = YES;
				CLANG_ENABLE_OBJC_ARC = YES;
				CLANG_ENABLE_OBJC_WEAK = YES;
				CLANG_WARN_BLOCK_CAPTURE_AUTORELEASING = YES;
				CLANG_WARN_BOOL_CONVERSION = YES;
				CLANG_WARN_COMMA = YES;
				CLANG_WARN_CONSTANT_CONVERSION = YES;
				CLANG_WARN_DEPRECATED_OBJC_IMPLEMENTATIONS = YES;
				CLANG_WARN_DIRECT_OBJC_ISA_USAGE = YES_ERROR;
				CLANG_WARN_DOCUMENTATION_COMMENTS = YES;
				CLANG_WARN_EMPTY_BODY = YES;
				CLANG_WARN_ENUM_CONVERSION = YES;
				CLANG_WARN_INFINITE_RECURSION = YES;
				CLANG_WARN_INT_CONVERSION = YES;
				CLANG_WARN_NON_LITERAL_NULL_CONVERSION = YES;
				CLANG_WARN_OBJC_IMPLICIT_RETAIN_SELF = YES;
				CLANG_WARN_OBJC_LITERAL_CONVERSION = YES;
				CLANG_WARN_OBJC_ROOT_CLASS = YES_ERROR;
				CLANG_WARN_QUOTED_INCLUDE_IN_FRAMEWORK_HEADER = YES;
				CLANG_WARN_RANGE_LOOP_ANALYSIS = YES;
				CLANG_WARN_STRICT_PROTOTYPES = YES;
				CLANG_WARN_SUSPICIOUS_MOVE = YES;
				CLANG_WARN_UNGUARDED_AVAILABILITY = YES_AGGRESSIVE;
				CLANG_WARN_UNREACHABLE_CODE = YES;
				CLANG_WARN__DUPLICATE_METHOD_MATCH = YES;
				COPY_PHASE_STRIP = NO;
				DEBUG_INFORMATION_FORMAT = dwarf;
				DEVELOPMENT_TEAM = U3WF4T9U3H;
				ENABLE_STRICT_OBJC_MSGSEND = YES;
				ENABLE_TESTABILITY = YES;
				ENABLE_USER_SCRIPT_SANDBOXING = YES;
				GCC_C_LANGUAGE_STANDARD = gnu17;
				GCC_DYNAMIC_NO_PIC = NO;
				GCC_NO_COMMON_BLOCKS = YES;
				GCC_OPTIMIZATION_LEVEL = 0;
				GCC_PREPROCESSOR_DEFINITIONS = (
					"DEBUG=1",
					"$(inherited)",
				);
				GCC_WARN_64_TO_32_BIT_CONVERSION = YES;
				GCC_WARN_ABOUT_RETURN_TYPE = YES_ERROR;
				GCC_WARN_UNDECLARED_SELECTOR = YES;
				GCC_WARN_UNINITIALIZED_AUTOS = YES_AGGRESSIVE;
				GCC_WARN_UNUSED_FUNCTION = YES;
				GCC_WARN_UNUSED_VARIABLE = YES;
				IPHONEOS_DEPLOYMENT_TARGET = 26.2;
				LOCALIZATION_PREFERS_STRING_CATALOGS = YES;
				MTL_ENABLE_DEBUG_INFO = INCLUDE_SOURCE;
				MTL_FAST_MATH = YES;
				ONLY_ACTIVE_ARCH = YES;
				SDKROOT = iphoneos;
				SWIFT_ACTIVE_COMPILATION_CONDITIONS = "DEBUG $(inherited)";
				SWIFT_OPTIMIZATION_LEVEL = "-Onone";
			};
			name = Debug;
		};
		F90E94D12F10418A00FEE4A2 /* Release */ = {
			isa = XCBuildConfiguration;
			buildSettings = {
				ALWAYS_SEARCH_USER_PATHS = NO;
				ASSETCATALOG_COMPILER_GENERATE_SWIFT_ASSET_SYMBOL_EXTENSIONS = YES;
				CLANG_ANALYZER_NONNULL = YES;
				CLANG_ANALYZER_NUMBER_OBJECT_CONVERSION = YES_AGGRESSIVE;
				CLANG_CXX_LANGUAGE_STANDARD = "gnu++20";
				CLANG_ENABLE_MODULES = YES;
				CLANG_ENABLE_OBJC_ARC = YES;
				CLANG_ENABLE_OBJC_WEAK = YES;
				CLANG_WARN_BLOCK_CAPTURE_AUTORELEASING = YES;
				CLANG_WARN_BOOL_CONVERSION = YES;
				CLANG_WARN_COMMA = YES;
				CLANG_WARN_CONSTANT_CONVERSION = YES;
				CLANG_WARN_DEPRECATED_OBJC_IMPLEMENTATIONS = YES;
				CLANG_WARN_DIRECT_OBJC_ISA_USAGE = YES_ERROR;
				CLANG_WARN_DOCUMENTATION_COMMENTS = YES;
				CLANG_WARN_EMPTY_BODY = YES;
				CLANG_WARN_ENUM_CONVERSION = YES;
				CLANG_WARN_INFINITE_RECURSION = YES;
				CLANG_WARN_INT_CONVERSION = YES;
				CLANG_WARN_NON_LITERAL_NULL_CONVERSION = YES;
				CLANG_WARN_OBJC_IMPLICIT_RETAIN_SELF = YES;
				CLANG_WARN_OBJC_LITERAL_CONVERSION = YES;
				CLANG_WARN_OBJC_ROOT_CLASS = YES_ERROR;
				CLANG_WARN_QUOTED_INCLUDE_IN_FRAMEWORK_HEADER = YES;
				CLANG_WARN_RANGE_LOOP_ANALYSIS = YES;
				CLANG_WARN_STRICT_PROTOTYPES = YES;
				CLANG_WARN_SUSPICIOUS_MOVE = YES;
				CLANG_WARN_UNGUARDED_AVAILABILITY = YES_AGGRESSIVE;
				CLANG_WARN_UNREACHABLE_CODE = YES;
				CLANG_WARN__DUPLICATE_METHOD_MATCH = YES;
				COPY_PHASE_STRIP = NO;
				DEBUG_INFORMATION_FORMAT = "dwarf-with-dsym";
				DEVELOPMENT_TEAM = U3WF4T9U3H;
				ENABLE_NS_ASSERTIONS = NO;
				ENABLE_STRICT_OBJC_MSGSEND = YES;
				ENABLE_USER_SCRIPT_SANDBOXING = YES;
				GCC_C_LANGUAGE_STANDARD = gnu17;
				GCC_NO_COMMON_BLOCKS = YES;
				GCC_WARN_64_TO_32_BIT_CONVERSION = YES;
				GCC_WARN_ABOUT_RETURN_TYPE = YES_ERROR;
				GCC_WARN_UNDECLARED_SELECTOR = YES;
				GCC_WARN_UNINITIALIZED_AUTOS = YES_AGGRESSIVE;
				GCC_WARN_UNUSED_FUNCTION = YES;
				GCC_WARN_UNUSED_VARIABLE = YES;
				IPHONEOS_DEPLOYMENT_TARGET = 26.2;
				LOCALIZATION_PREFERS_STRING_CATALOGS = YES;
				MTL_ENABLE_DEBUG_INFO = NO;
				MTL_FAST_MATH = YES;
				SDKROOT = iphoneos;
				SWIFT_COMPILATION_MODE = wholemodule;
				VALIDATE_PRODUCT = YES;
			};
			name = Release;
		};
		F90E94D32F10418A00FEE4A2 /* Debug */ = {
			isa = XCBuildConfiguration;
			buildSettings = {
				BUNDLE_LOADER = "$(TEST_HOST)";
				CODE_SIGN_STYLE = Automatic;
				CURRENT_PROJECT_VERSION = 1;
				DEVELOPMENT_TEAM = U3WF4T9U3H;
				GENERATE_INFOPLIST_FILE = YES;
				IPHONEOS_DEPLOYMENT_TARGET = 26.2;
				MARKETING_VERSION = 1.0;
				PRODUCT_BUNDLE_IDENTIFIER = "Uniflo.overlook-meTests";
				PRODUCT_NAME = "$(TARGET_NAME)";
				STRING_CATALOG_GENERATE_SYMBOLS = NO;
				SWIFT_APPROACHABLE_CONCURRENCY = YES;
				SWIFT_EMIT_LOC_STRINGS = NO;
				SWIFT_UPCOMING_FEATURE_MEMBER_IMPORT_VISIBILITY = YES;
				SWIFT_VERSION = 5.0;
				TARGETED_DEVICE_FAMILY = "1,2";
				TEST_HOST = "$(BUILT_PRODUCTS_DIR)/overlook me.app/$(BUNDLE_EXECUTABLE_FOLDER_PATH)/overlook me";
			};
			name = Debug;
		};
		F90E94D42F10418A00FEE4A2 /* Release */ = {
			isa = XCBuildConfiguration;
			buildSettings = {
				BUNDLE_LOADER = "$(TEST_HOST)";
				CODE_SIGN_STYLE = Automatic;
				CURRENT_PROJECT_VERSION = 1;
				DEVELOPMENT_TEAM = U3WF4T9U3H;
				GENERATE_INFOPLIST_FILE = YES;
				IPHONEOS_DEPLOYMENT_TARGET = 26.2;
				MARKETING_VERSION = 1.0;
				PRODUCT_BUNDLE_IDENTIFIER = "Uniflo.overlook-meTests";
				PRODUCT_NAME = "$(TARGET_NAME)";
				STRING_CATALOG_GENERATE_SYMBOLS = NO;
				SWIFT_APPROACHABLE_CONCURRENCY = YES;
				SWIFT_EMIT_LOC_STRINGS = NO;
				SWIFT_UPCOMING_FEATURE_MEMBER_IMPORT_VISIBILITY = YES;
				SWIFT_VERSION = 5.0;
				TARGETED_DEVICE_FAMILY = "1,2";
				TEST_HOST = "$(BUILT_PRODUCTS_DIR)/overlook me.app/$(BUNDLE_EXECUTABLE_FOLDER_PATH)/overlook me";
			};
			name = Release;
		};
		F90E94D62F10418A00FEE4A2 /* Debug */ = {
			isa = XCBuildConfiguration;
			buildSettings = {
				CODE_SIGN_STYLE = Automatic;
				CURRENT_PROJECT_VERSION = 1;
				DEVELOPMENT_TEAM = U3WF4T9U3H;
				GENERATE_INFOPLIST_FILE = YES;
				MARKETING_VERSION = 1.0;
				PRODUCT_BUNDLE_IDENTIFIER = "Uniflo.overlook-meUITests";
				PRODUCT_NAME = "$(TARGET_NAME)";
				STRING_CATALOG_GENERATE_SYMBOLS = NO;
				SWIFT_APPROACHABLE_CONCURRENCY = YES;
				SWIFT_EMIT_LOC_STRINGS = NO;
				SWIFT_UPCOMING_FEATURE_MEMBER_IMPORT_VISIBILITY = YES;
				SWIFT_VERSION = 5.0;
				TARGETED_DEVICE_FAMILY = "1,2";
				TEST_TARGET_NAME = "overlook me";
			};
			name = Debug;
		};
		F90E94D72F10418A00FEE4A2 /* Release */ = {
			isa = XCBuildConfiguration;
			buildSettings = {
				CODE_SIGN_STYLE = Automatic;
				CURRENT_PROJECT_VERSION = 1;
				DEVELOPMENT_TEAM = U3WF4T9U3H;
				GENERATE_INFOPLIST_FILE = YES;
				MARKETING_VERSION = 1.0;
				PRODUCT_BUNDLE_IDENTIFIER = "Uniflo.overlook-meUITests";
				PRODUCT_NAME = "$(TARGET_NAME)";
				STRING_CATALOG_GENERATE_SYMBOLS = NO;
				SWIFT_APPROACHABLE_CONCURRENCY = YES;
				SWIFT_EMIT_LOC_STRINGS = NO;
				SWIFT_UPCOMING_FEATURE_MEMBER_IMPORT_VISIBILITY = YES;
				SWIFT_VERSION = 5.0;
				TARGETED_DEVICE_FAMILY = "1,2";
				TEST_TARGET_NAME = "overlook me";
			};
			name = Release;
		};
/* End XCBuildConfiguration section */

/* Begin XCConfigurationList section */
		F90E94A42F10418A00FEE4A2 /* Build configuration list for PBXProject "overlook me" */ = {
			isa = XCConfigurationList;
			buildConfigurations = (
				F90E94D02F10418A00FEE4A2 /* Debug */,
				F90E94D12F10418A00FEE4A2 /* Release */,
			);
			defaultConfigurationIsVisible = 0;
			defaultConfigurationName = Release;
		};
		F90E94CD2F10418A00FEE4A2 /* Build configuration list for PBXNativeTarget "overlook me" */ = {
			isa = XCConfigurationList;
			buildConfigurations = (
				F90E94CE2F10418A00FEE4A2 /* Debug */,
				F90E94CF2F10418A00FEE4A2 /* Release */,
			);
			defaultConfigurationIsVisible = 0;
			defaultConfigurationName = Release;
		};
		F90E94D22F10418A00FEE4A2 /* Build configuration list for PBXNativeTarget "overlook meTests" */ = {
			isa = XCConfigurationList;
			buildConfigurations = (
				F90E94D32F10418A00FEE4A2 /* Debug */,
				F90E94D42F10418A00FEE4A2 /* Release */,
			);
			defaultConfigurationIsVisible = 0;
			defaultConfigurationName = Release;
		};
		F90E94D52F10418A00FEE4A2 /* Build configuration list for PBXNativeTarget "overlook meUITests" */ = {
			isa = XCConfigurationList;
			buildConfigurations = (
				F90E94D62F10418A00FEE4A2 /* Debug */,
				F90E94D72F10418A00FEE4A2 /* Release */,
			);
			defaultConfigurationIsVisible = 0;
			defaultConfigurationName = Release;
		};
/* End XCConfigurationList section */
	};
	rootObject = F90E94A12F10418A00FEE4A2 /* Project object */;
}
